// !$*UTF8*$!
{
	archiveVersion = 1;
	classes = {
	};
	objectVersion = 56;
	objects = {

/* Begin PBXBuildFile section */
		E32740EC2D6E80650033A431 /* GeneralMenu.swift in Sources */ = {isa = PBXBuildFile; fileRef = E32740EB2D6E80650033A431 /* GeneralMenu.swift */; };
		E32740F22D6EA2710033A431 /* TranslationManager.swift in Sources */ = {isa = PBXBuildFile; fileRef = E32740F12D6EA2710033A431 /* TranslationManager.swift */; };
		E32740F52D6EABDC0033A431 /* PetMesseges.swift in Sources */ = {isa = PBXBuildFile; fileRef = E32740F42D6EABDC0033A431 /* PetMesseges.swift */; };
		E32740F72D6EAC030033A431 /* CatSounds.swift in Sources */ = {isa = PBXBuildFile; fileRef = E32740F62D6EAC030033A431 /* CatSounds.swift */; };
		E32740F92D6EAC1D0033A431 /* DogSounds.swift in Sources */ = {isa = PBXBuildFile; fileRef = E32740F82D6EAC1D0033A431 /* DogSounds.swift */; };
		E32764872D6A8DC000AFDF5E /* MenuButtons.swift in Sources */ = {isa = PBXBuildFile; fileRef = E32764862D6A8DC000AFDF5E /* MenuButtons.swift */; };
		E33317302D6E33CF009B4E1B /* TranslatorState.swift in Sources */ = {isa = PBXBuildFile; fileRef = E333172F2D6E33CF009B4E1B /* TranslatorState.swift */; };
		E33328ED2D6CE2BF00E71A44 /* TaperedLine.swift in Sources */ = {isa = PBXBuildFile; fileRef = E33328EC2D6CE2BF00E71A44 /* TaperedLine.swift */; };
		E33328EF2D6CEF6800E71A44 /* ResultViewModel.swift in Sources */ = {isa = PBXBuildFile; fileRef = E33328EE2D6CEF6800E71A44 /* ResultViewModel.swift */; };
		E34D41142D6B80B40086AFC6 /* Language.swift in Sources */ = {isa = PBXBuildFile; fileRef = E34D41132D6B80B40086AFC6 /* Language.swift */; };
		E34D41162D6B932A0086AFC6 /* ButtonStyle.swift in Sources */ = {isa = PBXBuildFile; fileRef = E34D41152D6B932A0086AFC6 /* ButtonStyle.swift */; };
		E34D41192D6BBCB70086AFC6 /* TranslatorViewModel.swift in Sources */ = {isa = PBXBuildFile; fileRef = E34D41182D6BBCB70086AFC6 /* TranslatorViewModel.swift */; };
		E34D411C2D6BC6E50086AFC6 /* ResultView.swift in Sources */ = {isa = PBXBuildFile; fileRef = E34D411B2D6BC6E50086AFC6 /* ResultView.swift */; };
		E34D411E2D6BC71A0086AFC6 /* HeaderView.swift in Sources */ = {isa = PBXBuildFile; fileRef = E34D411D2D6BC71A0086AFC6 /* HeaderView.swift */; };
		E34D41202D6BCB110086AFC6 /* ImageView.swift in Sources */ = {isa = PBXBuildFile; fileRef = E34D411F2D6BCB110086AFC6 /* ImageView.swift */; };
		E358E5F42D6A42E500110CC0 /* PetTrasnslatorApp.swift in Sources */ = {isa = PBXBuildFile; fileRef = E358E5F32D6A42E500110CC0 /* PetTrasnslatorApp.swift */; };
		E358E5F82D6A42E800110CC0 /* Assets.xcassets in Resources */ = {isa = PBXBuildFile; fileRef = E358E5F72D6A42E800110CC0 /* Assets.xcassets */; };
		E358E5FB2D6A42E800110CC0 /* Preview Assets.xcassets in Resources */ = {isa = PBXBuildFile; fileRef = E358E5FA2D6A42E800110CC0 /* Preview Assets.xcassets */; };
		E358E6032D6A443600110CC0 /* Extensions+Color.swift in Sources */ = {isa = PBXBuildFile; fileRef = E358E6022D6A443600110CC0 /* Extensions+Color.swift */; };
		E358E6072D6A44D300110CC0 /* TranslatorView.swift in Sources */ = {isa = PBXBuildFile; fileRef = E358E6062D6A44D300110CC0 /* TranslatorView.swift */; };
		E358E60A2D6A45AB00110CC0 /* BackgroundView.swift in Sources */ = {isa = PBXBuildFile; fileRef = E358E6092D6A45AB00110CC0 /* BackgroundView.swift */; };
		E358E60C2D6A46B800110CC0 /* Colors.swift in Sources */ = {isa = PBXBuildFile; fileRef = E358E60B2D6A46B800110CC0 /* Colors.swift */; };
		E358E60E2D6A508900110CC0 /* KonkhmerSleokchherRegular.ttf in Resources */ = {isa = PBXBuildFile; fileRef = E358E60D2D6A508900110CC0 /* KonkhmerSleokchherRegular.ttf */; };
		E36599132D6A7354008B69B6 /* Pet.swift in Sources */ = {isa = PBXBuildFile; fileRef = E36599122D6A7354008B69B6 /* Pet.swift */; };
		E397CB3A2D6D25330081F95A /* MicrophoneButtonView.swift in Sources */ = {isa = PBXBuildFile; fileRef = E397CB392D6D25330081F95A /* MicrophoneButtonView.swift */; };
		E397CB3D2D6D25B80081F95A /* AudioRecorderManager.swift in Sources */ = {isa = PBXBuildFile; fileRef = E397CB3C2D6D25B80081F95A /* AudioRecorderManager.swift */; };
		E397CB402D6D33800081F95A /* Lottie in Frameworks */ = {isa = PBXBuildFile; productRef = E397CB3F2D6D33800081F95A /* Lottie */; };
		E397CB422D6D346E0081F95A /* LottieViewWithAudioLevel.swift in Sources */ = {isa = PBXBuildFile; fileRef = E397CB412D6D346E0081F95A /* LottieViewWithAudioLevel.swift */; };
		E397CB442D6D34E40081F95A /* microphoneRecording.json in Resources */ = {isa = PBXBuildFile; fileRef = E397CB432D6D34E40081F95A /* microphoneRecording.json */; };
		E397CB462D6D67090081F95A /* LoadingView.swift in Sources */ = {isa = PBXBuildFile; fileRef = E397CB452D6D67090081F95A /* LoadingView.swift */; };
		E3E783E32D6A585A00685E74 /* Extensions+Font.swift in Sources */ = {isa = PBXBuildFile; fileRef = E3E783E22D6A585A00685E74 /* Extensions+Font.swift */; };
/* End PBXBuildFile section */

/* Begin PBXFileReference section */
		E32740EB2D6E80650033A431 /* GeneralMenu.swift */ = {isa = PBXFileReference; lastKnownFileType = sourcecode.swift; path = GeneralMenu.swift; sourceTree = "<group>"; };
		E32740F12D6EA2710033A431 /* TranslationManager.swift */ = {isa = PBXFileReference; lastKnownFileType = sourcecode.swift; path = TranslationManager.swift; sourceTree = "<group>"; };
		E32740F42D6EABDC0033A431 /* PetMesseges.swift */ = {isa = PBXFileReference; lastKnownFileType = sourcecode.swift; path = PetMesseges.swift; sourceTree = "<group>"; };
		E32740F62D6EAC030033A431 /* CatSounds.swift */ = {isa = PBXFileReference; lastKnownFileType = sourcecode.swift; path = CatSounds.swift; sourceTree = "<group>"; };
		E32740F82D6EAC1D0033A431 /* DogSounds.swift */ = {isa = PBXFileReference; lastKnownFileType = sourcecode.swift; path = DogSounds.swift; sourceTree = "<group>"; };
		E32764862D6A8DC000AFDF5E /* MenuButtons.swift */ = {isa = PBXFileReference; lastKnownFileType = sourcecode.swift; path = MenuButtons.swift; sourceTree = "<group>"; };
		E333172F2D6E33CF009B4E1B /* TranslatorState.swift */ = {isa = PBXFileReference; lastKnownFileType = sourcecode.swift; path = TranslatorState.swift; sourceTree = "<group>"; };
		E33328EC2D6CE2BF00E71A44 /* TaperedLine.swift */ = {isa = PBXFileReference; lastKnownFileType = sourcecode.swift; path = TaperedLine.swift; sourceTree = "<group>"; };
		E33328EE2D6CEF6800E71A44 /* ResultViewModel.swift */ = {isa = PBXFileReference; lastKnownFileType = sourcecode.swift; path = ResultViewModel.swift; sourceTree = "<group>"; };
		E34D41132D6B80B40086AFC6 /* Language.swift */ = {isa = PBXFileReference; lastKnownFileType = sourcecode.swift; path = Language.swift; sourceTree = "<group>"; };
		E34D41152D6B932A0086AFC6 /* ButtonStyle.swift */ = {isa = PBXFileReference; lastKnownFileType = sourcecode.swift; path = ButtonStyle.swift; sourceTree = "<group>"; };
		E34D41182D6BBCB70086AFC6 /* TranslatorViewModel.swift */ = {isa = PBXFileReference; lastKnownFileType = sourcecode.swift; path = TranslatorViewModel.swift; sourceTree = "<group>"; };
		E34D411B2D6BC6E50086AFC6 /* ResultView.swift */ = {isa = PBXFileReference; lastKnownFileType = sourcecode.swift; path = ResultView.swift; sourceTree = "<group>"; };
		E34D411D2D6BC71A0086AFC6 /* HeaderView.swift */ = {isa = PBXFileReference; lastKnownFileType = sourcecode.swift; path = HeaderView.swift; sourceTree = "<group>"; };
		E34D411F2D6BCB110086AFC6 /* ImageView.swift */ = {isa = PBXFileReference; lastKnownFileType = sourcecode.swift; path = ImageView.swift; sourceTree = "<group>"; };
		E358E5F02D6A42E500110CC0 /* PetTrasnslator.app */ = {isa = PBXFileReference; explicitFileType = wrapper.application; includeInIndex = 0; path = PetTrasnslator.app; sourceTree = BUILT_PRODUCTS_DIR; };
		E358E5F32D6A42E500110CC0 /* PetTrasnslatorApp.swift */ = {isa = PBXFileReference; lastKnownFileType = sourcecode.swift; path = PetTrasnslatorApp.swift; sourceTree = "<group>"; };
		E358E5F72D6A42E800110CC0 /* Assets.xcassets */ = {isa = PBXFileReference; lastKnownFileType = folder.assetcatalog; path = Assets.xcassets; sourceTree = "<group>"; };
		E358E5FA2D6A42E800110CC0 /* Preview Assets.xcassets */ = {isa = PBXFileReference; lastKnownFileType = folder.assetcatalog; path = "Preview Assets.xcassets"; sourceTree = "<group>"; };
		E358E6022D6A443600110CC0 /* Extensions+Color.swift */ = {isa = PBXFileReference; lastKnownFileType = sourcecode.swift; path = "Extensions+Color.swift"; sourceTree = "<group>"; };
		E358E6062D6A44D300110CC0 /* TranslatorView.swift */ = {isa = PBXFileReference; lastKnownFileType = sourcecode.swift; path = TranslatorView.swift; sourceTree = "<group>"; };
		E358E6092D6A45AB00110CC0 /* BackgroundView.swift */ = {isa = PBXFileReference; lastKnownFileType = sourcecode.swift; path = BackgroundView.swift; sourceTree = "<group>"; };
		E358E60B2D6A46B800110CC0 /* Colors.swift */ = {isa = PBXFileReference; lastKnownFileType = sourcecode.swift; path = Colors.swift; sourceTree = "<group>"; };
		E358E60D2D6A508900110CC0 /* KonkhmerSleokchherRegular.ttf */ = {isa = PBXFileReference; lastKnownFileType = file; path = KonkhmerSleokchherRegular.ttf; sourceTree = "<group>"; };
		E358E60F2D6A50BD00110CC0 /* Info.plist */ = {isa = PBXFileReference; lastKnownFileType = text.plist.xml; path = Info.plist; sourceTree = "<group>"; };
		E36599122D6A7354008B69B6 /* Pet.swift */ = {isa = PBXFileReference; lastKnownFileType = sourcecode.swift; path = Pet.swift; sourceTree = "<group>"; };
		E397CB392D6D25330081F95A /* MicrophoneButtonView.swift */ = {isa = PBXFileReference; lastKnownFileType = sourcecode.swift; path = MicrophoneButtonView.swift; sourceTree = "<group>"; };
		E397CB3C2D6D25B80081F95A /* AudioRecorderManager.swift */ = {isa = PBXFileReference; lastKnownFileType = sourcecode.swift; path = AudioRecorderManager.swift; sourceTree = "<group>"; };
		E397CB412D6D346E0081F95A /* LottieViewWithAudioLevel.swift */ = {isa = PBXFileReference; lastKnownFileType = sourcecode.swift; path = LottieViewWithAudioLevel.swift; sourceTree = "<group>"; };
		E397CB432D6D34E40081F95A /* microphoneRecording.json */ = {isa = PBXFileReference; fileEncoding = 4; lastKnownFileType = text.json; path = microphoneRecording.json; sourceTree = "<group>"; };
		E397CB452D6D67090081F95A /* LoadingView.swift */ = {isa = PBXFileReference; lastKnownFileType = sourcecode.swift; path = LoadingView.swift; sourceTree = "<group>"; };
		E3E783E22D6A585A00685E74 /* Extensions+Font.swift */ = {isa = PBXFileReference; lastKnownFileType = sourcecode.swift; path = "Extensions+Font.swift"; sourceTree = "<group>"; };
/* End PBXFileReference section */

/* Begin PBXFrameworksBuildPhase section */
		E358E5ED2D6A42E400110CC0 /* Frameworks */ = {
			isa = PBXFrameworksBuildPhase;
			buildActionMask = 2147483647;
			files = (
				E397CB402D6D33800081F95A /* Lottie in Frameworks */,
			);
			runOnlyForDeploymentPostprocessing = 0;
		};
/* End PBXFrameworksBuildPhase section */

/* Begin PBXGroup section */
		E32740F32D6EAB8D0033A431 /* Mock */ = {
			isa = PBXGroup;
			children = (
				E32740F42D6EABDC0033A431 /* PetMesseges.swift */,
				E32740F62D6EAC030033A431 /* CatSounds.swift */,
				E32740F82D6EAC1D0033A431 /* DogSounds.swift */,
			);
			path = Mock;
			sourceTree = "<group>";
		};
		E33328EB2D6CE27700E71A44 /* ViewsComponents */ = {
			isa = PBXGroup;
			children = (
				E34D41152D6B932A0086AFC6 /* ButtonStyle.swift */,
			);
			path = ViewsComponents;
			sourceTree = "<group>";
		};
		E33328F02D6D145700E71A44 /* ResultView */ = {
			isa = PBXGroup;
			children = (
				E34D411B2D6BC6E50086AFC6 /* ResultView.swift */,
				E33328EC2D6CE2BF00E71A44 /* TaperedLine.swift */,
			);
			path = ResultView;
			sourceTree = "<group>";
		};
		E34D41172D6BBC9B0086AFC6 /* ViewModels */ = {
			isa = PBXGroup;
			children = (
				E34D41182D6BBCB70086AFC6 /* TranslatorViewModel.swift */,
				E33328EE2D6CEF6800E71A44 /* ResultViewModel.swift */,
			);
			path = ViewModels;
			sourceTree = "<group>";
		};
		E34D411A2D6BBE090086AFC6 /* Supporting Files */ = {
			isa = PBXGroup;
			children = (
				E397CB432D6D34E40081F95A /* microphoneRecording.json */,
				E358E60F2D6A50BD00110CC0 /* Info.plist */,
				E358E5F72D6A42E800110CC0 /* Assets.xcassets */,
				E358E60D2D6A508900110CC0 /* KonkhmerSleokchherRegular.ttf */,
				E358E60B2D6A46B800110CC0 /* Colors.swift */,
			);
			path = "Supporting Files";
			sourceTree = "<group>";
		};
		E358E5E72D6A42E400110CC0 = {
			isa = PBXGroup;
			children = (
				E358E5F22D6A42E500110CC0 /* PetTrasnslator */,
				E358E5F12D6A42E500110CC0 /* Products */,
			);
			sourceTree = "<group>";
		};
		E358E5F12D6A42E500110CC0 /* Products */ = {
			isa = PBXGroup;
			children = (
				E358E5F02D6A42E500110CC0 /* PetTrasnslator.app */,
			);
			name = Products;
			sourceTree = "<group>";
		};
		E358E5F22D6A42E500110CC0 /* PetTrasnslator */ = {
			isa = PBXGroup;
			children = (
				E397CB3B2D6D25A50081F95A /* Managers */,
				E36599152D6A73AD008B69B6 /* Models */,
				E34D41172D6BBC9B0086AFC6 /* ViewModels */,
				E36599142D6A738E008B69B6 /* Views */,
				E358E6012D6A441500110CC0 /* Extensions */,
				E32740F32D6EAB8D0033A431 /* Mock */,
				E358E5F32D6A42E500110CC0 /* PetTrasnslatorApp.swift */,
				E34D411A2D6BBE090086AFC6 /* Supporting Files */,
				E358E5F92D6A42E800110CC0 /* Preview Content */,
			);
			path = PetTrasnslator;
			sourceTree = "<group>";
		};
		E358E5F92D6A42E800110CC0 /* Preview Content */ = {
			isa = PBXGroup;
			children = (
				E358E5FA2D6A42E800110CC0 /* Preview Assets.xcassets */,
			);
			path = "Preview Content";
			sourceTree = "<group>";
		};
		E358E6012D6A441500110CC0 /* Extensions */ = {
			isa = PBXGroup;
			children = (
				E358E6022D6A443600110CC0 /* Extensions+Color.swift */,
				E3E783E22D6A585A00685E74 /* Extensions+Font.swift */,
			);
			path = Extensions;
			sourceTree = "<group>";
		};
		E358E6082D6A459200110CC0 /* ReusableViews */ = {
			isa = PBXGroup;
			children = (
				E358E6092D6A45AB00110CC0 /* BackgroundView.swift */,
				E34D411D2D6BC71A0086AFC6 /* HeaderView.swift */,
				E34D411F2D6BCB110086AFC6 /* ImageView.swift */,
				E32740EB2D6E80650033A431 /* GeneralMenu.swift */,
			);
			path = ReusableViews;
			sourceTree = "<group>";
		};
		E36599142D6A738E008B69B6 /* Views */ = {
			isa = PBXGroup;
			children = (
				E397CB382D6D250F0081F95A /* TranslatorView */,
				E33328F02D6D145700E71A44 /* ResultView */,
				E33328EB2D6CE27700E71A44 /* ViewsComponents */,
				E358E6082D6A459200110CC0 /* ReusableViews */,
			);
			path = Views;
			sourceTree = "<group>";
		};
		E36599152D6A73AD008B69B6 /* Models */ = {
			isa = PBXGroup;
			children = (
				E36599122D6A7354008B69B6 /* Pet.swift */,
				E32764862D6A8DC000AFDF5E /* MenuButtons.swift */,
				E34D41132D6B80B40086AFC6 /* Language.swift */,
				E333172F2D6E33CF009B4E1B /* TranslatorState.swift */,
			);
			path = Models;
			sourceTree = "<group>";
		};
		E397CB382D6D250F0081F95A /* TranslatorView */ = {
			isa = PBXGroup;
			children = (
				E358E6062D6A44D300110CC0 /* TranslatorView.swift */,
				E397CB452D6D67090081F95A /* LoadingView.swift */,
				E397CB392D6D25330081F95A /* MicrophoneButtonView.swift */,
				E397CB412D6D346E0081F95A /* LottieViewWithAudioLevel.swift */,
			);
			path = TranslatorView;
			sourceTree = "<group>";
		};
		E397CB3B2D6D25A50081F95A /* Managers */ = {
			isa = PBXGroup;
			children = (
				E397CB3C2D6D25B80081F95A /* AudioRecorderManager.swift */,
				E32740F12D6EA2710033A431 /* TranslationManager.swift */,
			);
			path = Managers;
			sourceTree = "<group>";
		};
/* End PBXGroup section */

/* Begin PBXNativeTarget section */
		E358E5EF2D6A42E400110CC0 /* PetTrasnslator */ = {
			isa = PBXNativeTarget;
			buildConfigurationList = E358E5FE2D6A42E800110CC0 /* Build configuration list for PBXNativeTarget "PetTrasnslator" */;
			buildPhases = (
				E358E5EC2D6A42E400110CC0 /* Sources */,
				E358E5ED2D6A42E400110CC0 /* Frameworks */,
				E358E5EE2D6A42E400110CC0 /* Resources */,
			);
			buildRules = (
			);
			dependencies = (
			);
			name = PetTrasnslator;
			packageProductDependencies = (
				E397CB3F2D6D33800081F95A /* Lottie */,
			);
			productName = PetTrasnslator;
			productReference = E358E5F02D6A42E500110CC0 /* PetTrasnslator.app */;
			productType = "com.apple.product-type.application";
		};
/* End PBXNativeTarget section */

/* Begin PBXProject section */
		E358E5E82D6A42E400110CC0 /* Project object */ = {
			isa = PBXProject;
			attributes = {
				BuildIndependentTargetsInParallel = 1;
				LastSwiftUpdateCheck = 1420;
				LastUpgradeCheck = 1420;
				TargetAttributes = {
					E358E5EF2D6A42E400110CC0 = {
						CreatedOnToolsVersion = 14.2;
					};
				};
			};
			buildConfigurationList = E358E5EB2D6A42E400110CC0 /* Build configuration list for PBXProject "PetTrasnslator" */;
			compatibilityVersion = "Xcode 14.0";
			developmentRegion = en;
			hasScannedForEncodings = 0;
			knownRegions = (
				en,
				Base,
			);
			mainGroup = E358E5E72D6A42E400110CC0;
			packageReferences = (
				E397CB3E2D6D33800081F95A /* XCRemoteSwiftPackageReference "lottie-ios" */,
			);
			productRefGroup = E358E5F12D6A42E500110CC0 /* Products */;
			projectDirPath = "";
			projectRoot = "";
			targets = (
				E358E5EF2D6A42E400110CC0 /* PetTrasnslator */,
			);
		};
/* End PBXProject section */

/* Begin PBXResourcesBuildPhase section */
		E358E5EE2D6A42E400110CC0 /* Resources */ = {
			isa = PBXResourcesBuildPhase;
			buildActionMask = 2147483647;
			files = (
				E358E5FB2D6A42E800110CC0 /* Preview Assets.xcassets in Resources */,
				E397CB442D6D34E40081F95A /* microphoneRecording.json in Resources */,
				E358E60E2D6A508900110CC0 /* KonkhmerSleokchherRegular.ttf in Resources */,
				E358E5F82D6A42E800110CC0 /* Assets.xcassets in Resources */,
			);
			runOnlyForDeploymentPostprocessing = 0;
		};
/* End PBXResourcesBuildPhase section */

/* Begin PBXSourcesBuildPhase section */
		E358E5EC2D6A42E400110CC0 /* Sources */ = {
			isa = PBXSourcesBuildPhase;
			buildActionMask = 2147483647;
			files = (
				E397CB3D2D6D25B80081F95A /* AudioRecorderManager.swift in Sources */,
				E397CB422D6D346E0081F95A /* LottieViewWithAudioLevel.swift in Sources */,
				E32764872D6A8DC000AFDF5E /* MenuButtons.swift in Sources */,
				E358E6032D6A443600110CC0 /* Extensions+Color.swift in Sources */,
				E358E60C2D6A46B800110CC0 /* Colors.swift in Sources */,
				E34D41162D6B932A0086AFC6 /* ButtonStyle.swift in Sources */,
				E32740F72D6EAC030033A431 /* CatSounds.swift in Sources */,
				E34D41142D6B80B40086AFC6 /* Language.swift in Sources */,
				E34D411C2D6BC6E50086AFC6 /* ResultView.swift in Sources */,
				E3E783E32D6A585A00685E74 /* Extensions+Font.swift in Sources */,
				E32740F52D6EABDC0033A431 /* PetMesseges.swift in Sources */,
				E32740EC2D6E80650033A431 /* GeneralMenu.swift in Sources */,
				E358E6072D6A44D300110CC0 /* TranslatorView.swift in Sources */,
				E33317302D6E33CF009B4E1B /* TranslatorState.swift in Sources */,
				E358E60A2D6A45AB00110CC0 /* BackgroundView.swift in Sources */,
				E34D41192D6BBCB70086AFC6 /* TranslatorViewModel.swift in Sources */,
				E32740F92D6EAC1D0033A431 /* DogSounds.swift in Sources */,
				E32740F22D6EA2710033A431 /* TranslationManager.swift in Sources */,
				E358E5F42D6A42E500110CC0 /* PetTrasnslatorApp.swift in Sources */,
				E397CB462D6D67090081F95A /* LoadingView.swift in Sources */,
				E33328EF2D6CEF6800E71A44 /* ResultViewModel.swift in Sources */,
				E397CB3A2D6D25330081F95A /* MicrophoneButtonView.swift in Sources */,
				E36599132D6A7354008B69B6 /* Pet.swift in Sources */,
				E34D41202D6BCB110086AFC6 /* ImageView.swift in Sources */,
				E34D411E2D6BC71A0086AFC6 /* HeaderView.swift in Sources */,
				E33328ED2D6CE2BF00E71A44 /* TaperedLine.swift in Sources */,
			);
			runOnlyForDeploymentPostprocessing = 0;
		};
/* End PBXSourcesBuildPhase section */

/* Begin XCBuildConfiguration section */
		E358E5FC2D6A42E800110CC0 /* Debug */ = {
			isa = XCBuildConfiguration;
			buildSettings = {
				ALWAYS_SEARCH_USER_PATHS = NO;
				CLANG_ANALYZER_NONNULL = YES;
				CLANG_ANALYZER_NUMBER_OBJECT_CONVERSION = YES_AGGRESSIVE;
				CLANG_CXX_LANGUAGE_STANDARD = "gnu++20";
				CLANG_ENABLE_MODULES = YES;
				CLANG_ENABLE_OBJC_ARC = YES;
				CLANG_ENABLE_OBJC_WEAK = YES;
				CLANG_WARN_BLOCK_CAPTURE_AUTORELEASING = YES;
				CLANG_WARN_BOOL_CONVERSION = YES;
				CLANG_WARN_COMMA = YES;
				CLANG_WARN_CONSTANT_CONVERSION = YES;
				CLANG_WARN_DEPRECATED_OBJC_IMPLEMENTATIONS = YES;
				CLANG_WARN_DIRECT_OBJC_ISA_USAGE = YES_ERROR;
				CLANG_WARN_DOCUMENTATION_COMMENTS = YES;
				CLANG_WARN_EMPTY_BODY = YES;
				CLANG_WARN_ENUM_CONVERSION = YES;
				CLANG_WARN_INFINITE_RECURSION = YES;
				CLANG_WARN_INT_CONVERSION = YES;
				CLANG_WARN_NON_LITERAL_NULL_CONVERSION = YES;
				CLANG_WARN_OBJC_IMPLICIT_RETAIN_SELF = YES;
				CLANG_WARN_OBJC_LITERAL_CONVERSION = YES;
				CLANG_WARN_OBJC_ROOT_CLASS = YES_ERROR;
				CLANG_WARN_QUOTED_INCLUDE_IN_FRAMEWORK_HEADER = YES;
				CLANG_WARN_RANGE_LOOP_ANALYSIS = YES;
				CLANG_WARN_STRICT_PROTOTYPES = YES;
				CLANG_WARN_SUSPICIOUS_MOVE = YES;
				CLANG_WARN_UNGUARDED_AVAILABILITY = YES_AGGRESSIVE;
				CLANG_WARN_UNREACHABLE_CODE = YES;
				CLANG_WARN__DUPLICATE_METHOD_MATCH = YES;
				COPY_PHASE_STRIP = NO;
				DEBUG_INFORMATION_FORMAT = dwarf;
				ENABLE_STRICT_OBJC_MSGSEND = YES;
				ENABLE_TESTABILITY = YES;
				GCC_C_LANGUAGE_STANDARD = gnu11;
				GCC_DYNAMIC_NO_PIC = NO;
				GCC_NO_COMMON_BLOCKS = YES;
				GCC_OPTIMIZATION_LEVEL = 0;
				GCC_PREPROCESSOR_DEFINITIONS = (
					"DEBUG=1",
					"$(inherited)",
				);
				GCC_WARN_64_TO_32_BIT_CONVERSION = YES;
				GCC_WARN_ABOUT_RETURN_TYPE = YES_ERROR;
				GCC_WARN_UNDECLARED_SELECTOR = YES;
				GCC_WARN_UNINITIALIZED_AUTOS = YES_AGGRESSIVE;
				GCC_WARN_UNUSED_FUNCTION = YES;
				GCC_WARN_UNUSED_VARIABLE = YES;
				IPHONEOS_DEPLOYMENT_TARGET = 16.2;
				MTL_ENABLE_DEBUG_INFO = INCLUDE_SOURCE;
				MTL_FAST_MATH = YES;
				ONLY_ACTIVE_ARCH = YES;
				SDKROOT = iphoneos;
				SWIFT_ACTIVE_COMPILATION_CONDITIONS = DEBUG;
				SWIFT_OPTIMIZATION_LEVEL = "-Onone";
			};
			name = Debug;
		};
		E358E5FD2D6A42E800110CC0 /* Release */ = {
			isa = XCBuildConfiguration;
			buildSettings = {
				ALWAYS_SEARCH_USER_PATHS = NO;
				CLANG_ANALYZER_NONNULL = YES;
				CLANG_ANALYZER_NUMBER_OBJECT_CONVERSION = YES_AGGRESSIVE;
				CLANG_CXX_LANGUAGE_STANDARD = "gnu++20";
				CLANG_ENABLE_MODULES = YES;
				CLANG_ENABLE_OBJC_ARC = YES;
				CLANG_ENABLE_OBJC_WEAK = YES;
				CLANG_WARN_BLOCK_CAPTURE_AUTORELEASING = YES;
				CLANG_WARN_BOOL_CONVERSION = YES;
				CLANG_WARN_COMMA = YES;
				CLANG_WARN_CONSTANT_CONVERSION = YES;
				CLANG_WARN_DEPRECATED_OBJC_IMPLEMENTATIONS = YES;
				CLANG_WARN_DIRECT_OBJC_ISA_USAGE = YES_ERROR;
				CLANG_WARN_DOCUMENTATION_COMMENTS = YES;
				CLANG_WARN_EMPTY_BODY = YES;
				CLANG_WARN_ENUM_CONVERSION = YES;
				CLANG_WARN_INFINITE_RECURSION = YES;
				CLANG_WARN_INT_CONVERSION = YES;
				CLANG_WARN_NON_LITERAL_NULL_CONVERSION = YES;
				CLANG_WARN_OBJC_IMPLICIT_RETAIN_SELF = YES;
				CLANG_WARN_OBJC_LITERAL_CONVERSION = YES;
				CLANG_WARN_OBJC_ROOT_CLASS = YES_ERROR;
				CLANG_WARN_QUOTED_INCLUDE_IN_FRAMEWORK_HEADER = YES;
				CLANG_WARN_RANGE_LOOP_ANALYSIS = YES;
				CLANG_WARN_STRICT_PROTOTYPES = YES;
				CLANG_WARN_SUSPICIOUS_MOVE = YES;
				CLANG_WARN_UNGUARDED_AVAILABILITY = YES_AGGRESSIVE;
				CLANG_WARN_UNREACHABLE_CODE = YES;
				CLANG_WARN__DUPLICATE_METHOD_MATCH = YES;
				COPY_PHASE_STRIP = NO;
				DEBUG_INFORMATION_FORMAT = "dwarf-with-dsym";
				ENABLE_NS_ASSERTIONS = NO;
				ENABLE_STRICT_OBJC_MSGSEND = YES;
				GCC_C_LANGUAGE_STANDARD = gnu11;
				GCC_NO_COMMON_BLOCKS = YES;
				GCC_WARN_64_TO_32_BIT_CONVERSION = YES;
				GCC_WARN_ABOUT_RETURN_TYPE = YES_ERROR;
				GCC_WARN_UNDECLARED_SELECTOR = YES;
				GCC_WARN_UNINITIALIZED_AUTOS = YES_AGGRESSIVE;
				GCC_WARN_UNUSED_FUNCTION = YES;
				GCC_WARN_UNUSED_VARIABLE = YES;
				IPHONEOS_DEPLOYMENT_TARGET = 16.2;
				MTL_ENABLE_DEBUG_INFO = NO;
				MTL_FAST_MATH = YES;
				SDKROOT = iphoneos;
				SWIFT_COMPILATION_MODE = wholemodule;
				SWIFT_OPTIMIZATION_LEVEL = "-O";
				VALIDATE_PRODUCT = YES;
			};
			name = Release;
		};
		E358E5FF2D6A42E800110CC0 /* Debug */ = {
			isa = XCBuildConfiguration;
			buildSettings = {
				ASSETCATALOG_COMPILER_APPICON_NAME = AppIcon;
				ASSETCATALOG_COMPILER_GLOBAL_ACCENT_COLOR_NAME = AccentColor;
				CODE_SIGN_STYLE = Automatic;
				CURRENT_PROJECT_VERSION = 1;
				DEVELOPMENT_ASSET_PATHS = "\"PetTrasnslator/Preview Content\"";
				DEVELOPMENT_TEAM = 6XK3NFM9Y7;
				ENABLE_PREVIEWS = YES;
				GENERATE_INFOPLIST_FILE = YES;
				INFOPLIST_FILE = "PetTrasnslator/Supporting Files/Info.plist";
				INFOPLIST_KEY_UIApplicationSceneManifest_Generation = YES;
				INFOPLIST_KEY_UIApplicationSupportsIndirectInputEvents = YES;
				INFOPLIST_KEY_UILaunchScreen_Generation = YES;
				INFOPLIST_KEY_UISupportedInterfaceOrientations_iPad = "UIInterfaceOrientationPortrait UIInterfaceOrientationPortraitUpsideDown UIInterfaceOrientationLandscapeLeft UIInterfaceOrientationLandscapeRight";
				INFOPLIST_KEY_UISupportedInterfaceOrientations_iPhone = "UIInterfaceOrientationPortrait UIInterfaceOrientationLandscapeLeft UIInterfaceOrientationLandscapeRight";
				LD_RUNPATH_SEARCH_PATHS = (
					"$(inherited)",
					"@executable_path/Frameworks",
				);
				MARKETING_VERSION = 1.0;
				PRODUCT_BUNDLE_IDENTIFIER = nazar.PetTrasnslator;
				PRODUCT_NAME = "$(TARGET_NAME)";
				SWIFT_EMIT_LOC_STRINGS = YES;
				SWIFT_VERSION = 5.0;
				TARGETED_DEVICE_FAMILY = "1,2";
			};
			name = Debug;
		};
		E358E6002D6A42E800110CC0 /* Release */ = {
			isa = XCBuildConfiguration;
			buildSettings = {
				ASSETCATALOG_COMPILER_APPICON_NAME = AppIcon;
				ASSETCATALOG_COMPILER_GLOBAL_ACCENT_COLOR_NAME = AccentColor;
				CODE_SIGN_STYLE = Automatic;
				CURRENT_PROJECT_VERSION = 1;
				DEVELOPMENT_ASSET_PATHS = "\"PetTrasnslator/Preview Content\"";
				DEVELOPMENT_TEAM = 6XK3NFM9Y7;
				ENABLE_PREVIEWS = YES;
				GENERATE_INFOPLIST_FILE = YES;
				INFOPLIST_FILE = "PetTrasnslator/Supporting Files/Info.plist";
				INFOPLIST_KEY_UIApplicationSceneManifest_Generation = YES;
				INFOPLIST_KEY_UIApplicationSupportsIndirectInputEvents = YES;
				INFOPLIST_KEY_UILaunchScreen_Generation = YES;
				INFOPLIST_KEY_UISupportedInterfaceOrientations_iPad = "UIInterfaceOrientationPortrait UIInterfaceOrientationPortraitUpsideDown UIInterfaceOrientationLandscapeLeft UIInterfaceOrientationLandscapeRight";
				INFOPLIST_KEY_UISupportedInterfaceOrientations_iPhone = "UIInterfaceOrientationPortrait UIInterfaceOrientationLandscapeLeft UIInterfaceOrientationLandscapeRight";
				LD_RUNPATH_SEARCH_PATHS = (
					"$(inherited)",
					"@executable_path/Frameworks",
				);
				MARKETING_VERSION = 1.0;
				PRODUCT_BUNDLE_IDENTIFIER = nazar.PetTrasnslator;
				PRODUCT_NAME = "$(TARGET_NAME)";
				SWIFT_EMIT_LOC_STRINGS = YES;
				SWIFT_VERSION = 5.0;
				TARGETED_DEVICE_FAMILY = "1,2";
			};
			name = Release;
		};
/* End XCBuildConfiguration section */

/* Begin XCConfigurationList section */
		E358E5EB2D6A42E400110CC0 /* Build configuration list for PBXProject "PetTrasnslator" */ = {
			isa = XCConfigurationList;
			buildConfigurations = (
				E358E5FC2D6A42E800110CC0 /* Debug */,
				E358E5FD2D6A42E800110CC0 /* Release */,
			);
			defaultConfigurationIsVisible = 0;
			defaultConfigurationName = Release;
		};
		E358E5FE2D6A42E800110CC0 /* Build configuration list for PBXNativeTarget "PetTrasnslator" */ = {
			isa = XCConfigurationList;
			buildConfigurations = (
				E358E5FF2D6A42E800110CC0 /* Debug */,
				E358E6002D6A42E800110CC0 /* Release */,
			);
			defaultConfigurationIsVisible = 0;
			defaultConfigurationName = Release;
		};
/* End XCConfigurationList section */

/* Begin XCRemoteSwiftPackageReference section */
		E397CB3E2D6D33800081F95A /* XCRemoteSwiftPackageReference "lottie-ios" */ = {
			isa = XCRemoteSwiftPackageReference;
			repositoryURL = "https://github.com/airbnb/lottie-ios.git";
			requirement = {
				kind = upToNextMajorVersion;
				minimumVersion = 4.0.0;
			};
		};
/* End XCRemoteSwiftPackageReference section */

/* Begin XCSwiftPackageProductDependency section */
		E397CB3F2D6D33800081F95A /* Lottie */ = {
			isa = XCSwiftPackageProductDependency;
			package = E397CB3E2D6D33800081F95A /* XCRemoteSwiftPackageReference "lottie-ios" */;
			productName = Lottie;
		};
/* End XCSwiftPackageProductDependency section */
	};
	rootObject = E358E5E82D6A42E400110CC0 /* Project object */;
}
